
Microsoft Visual Studio Solution File, Format Version 12.00
# Visual Studio Version 16
VisualStudioVersion = 16.0.29209.62
MinimumVisualStudioVersion = 10.0.40219.1
Project("{FAE04EC0-301F-11D3-BF4B-00C04F79EFBC}") = "Inheritance", "Inheritance\Inheritance.csproj", "{EC7C4739-2ECB-4A90-9F9C-D2750BC5DDD7}"
EndProject
Project("{FAE04EC0-301F-11D3-BF4B-00C04F79EFBC}") = "Inheritance.Entities", "Inheritance.Entities\Inheritance.Entities.csproj", "{426DBEB7-93B5-4EFB-8152-7A4FE1381DC1}"
EndProject
Project("{FAE04EC0-301F-11D3-BF4B-00C04F79EFBC}") = "Inheritance.UnitTests", "Inheritance.UnitTests\Inheritance.UnitTests.csproj", "{C1B1F754-C6DD-4760-97DB-38B33BCA0E91}"
EndProject
Global
	GlobalSection(SolutionConfigurationPlatforms) = preSolution
		Debug|Any CPU = Debug|Any CPU
		Release|Any CPU = Release|Any CPU
	EndGlobalSection
	GlobalSection(ProjectConfigurationPlatforms) = postSolution
		{EC7C4739-2ECB-4A90-9F9C-D2750BC5DDD7}.Debug|Any CPU.ActiveCfg = Debug|Any CPU
		{EC7C4739-2ECB-4A90-9F9C-D2750BC5DDD7}.Debug|Any CPU.Build.0 = Debug|Any CPU
		{EC7C4739-2ECB-4A90-9F9C-D2750BC5DDD7}.Release|Any CPU.ActiveCfg = Release|Any CPU
		{EC7C4739-2ECB-4A90-9F9C-D2750BC5DDD7}.Release|Any CPU.Build.0 = Release|Any CPU
		{426DBEB7-93B5-4EFB-8152-7A4FE1381DC1}.Debug|Any CPU.ActiveCfg = Debug|Any CPU
		{426DBEB7-93B5-4EFB-8152-7A4FE1381DC1}.Debug|Any CPU.Build.0 = Debug|Any CPU
		{426DBEB7-93B5-4EFB-8152-7A4FE1381DC1}.Release|Any CPU.ActiveCfg = Release|Any CPU
		{426DBEB7-93B5-4EFB-8152-7A4FE1381DC1}.Release|Any CPU.Build.0 = Release|Any CPU
		{C1B1F754-C6DD-4760-97DB-38B33BCA0E91}.Debug|Any CPU.ActiveCfg = Debug|Any CPU
		{C1B1F754-C6DD-4760-97DB-38B33BCA0E91}.Debug|Any CPU.Build.0 = Debug|Any CPU
		{C1B1F754-C6DD-4760-97DB-38B33BCA0E91}.Release|Any CPU.ActiveCfg = Release|Any CPU
		{C1B1F754-C6DD-4760-97DB-38B33BCA0E91}.Release|Any CPU.Build.0 = Release|Any CPU
	EndGlobalSection
	GlobalSection(SolutionProperties) = preSolution
		HideSolutionNode = FALSE
	EndGlobalSection
	GlobalSection(ExtensibilityGlobals) = postSolution
		SolutionGuid = {214B0518-3E94-44C6-B9DA-54CA4DB304A9}
	EndGlobalSection
EndGlobal
